Microsoft Visual Studio Solution File, Format Version 12.00
# Visual Studio Version 17
VisualStudioVersion = 17.5.2.0
MinimumVisualStudioVersion = 10.0.40219.1
Project("{FAE04EC0-301F-11D3-BF4B-00C04F79EFBC}") = "arboles", "arboles.csproj", "{C495BCC6-B0FE-6B79-5335-842D2C9C33ED}"
EndProject
Global
	GlobalSection(SolutionConfigurationPlatforms) = preSolution
		Debug|Any CPU = Debug|Any CPU
		Release|Any CPU = Release|Any CPU
	EndGlobalSection
	GlobalSection(ProjectConfigurationPlatforms) = postSolution
		{C495BCC6-B0FE-6B79-5335-842D2C9C33ED}.Debug|Any CPU.ActiveCfg = Debug|Any CPU
		{C495BCC6-B0FE-6B79-5335-842D2C9C33ED}.Debug|Any CPU.Build.0 = Debug|Any CPU
		{C495BCC6-B0FE-6B79-5335-842D2C9C33ED}.Release|Any CPU.ActiveCfg = Release|Any CPU
		{C495BCC6-B0FE-6B79-5335-842D2C9C33ED}.Release|Any CPU.Build.0 = Release|Any CPU
	EndGlobalSection
	GlobalSection(SolutionProperties) = preSolution
		HideSolutionNode = FALSE
	EndGlobalSection
	GlobalSection(ExtensibilityGlobals) = postSolution
		SolutionGuid = {E647776E-6AAD-48A6-9276-F9F52DE346FB}
	EndGlobalSection
EndGlobal
